
Microsoft Visual Studio Solution File, Format Version 12.00
# Visual Studio 14
VisualStudioVersion = 14.0.25420.1
MinimumVisualStudioVersion = 10.0.40219.1
Project("{FAE04EC0-301F-11D3-BF4B-00C04F79EFBC}") = "DatabaseConnections", "DatabaseConnections\DatabaseConnections.csproj", "{51ACB565-BBCF-4F72-A00D-27BD1F356274}"
EndProject
Project("{FAE04EC0-301F-11D3-BF4B-00C04F79EFBC}") = "DatabaseConnections.Tests", "DatabaseConnections.Tests\DatabaseConnections.Tests.csproj", "{9B0ECD25-AB98-424B-AB8B-A96E5DF612A5}"
EndProject
Project("{2150E333-8FDC-42A3-9474-1A3956D46DE8}") = "Tests", "Tests", "{4D6C70C5-E64F-40FB-B317-A06B063F4B46}"
EndProject
Project("{FAE04EC0-301F-11D3-BF4B-00C04F79EFBC}") = "DatabaseConnections.SQLite", "DatabaseConnections.SQLite\DatabaseConnections.SQLite.csproj", "{E30A7882-E4B2-4DB7-B638-F46F95AC809B}"
EndProject
Project("{FAE04EC0-301F-11D3-BF4B-00C04F79EFBC}") = "DatabaseConnections.SQLite.Tests", "DatabaseConnections.SQLite.Tests\DatabaseConnections.SQLite.Tests.csproj", "{FCB180D8-A240-41E8-9BF5-9D1E7537CF21}"
EndProject
Project("{FAE04EC0-301F-11D3-BF4B-00C04F79EFBC}") = "DatabaseConnections.Postgres", "DatabaseConnections.Postgres\DatabaseConnections.Postgres.csproj", "{BC81CA50-1B5A-4AE1-A721-AE8AD69D0148}"
EndProject
Project("{FAE04EC0-301F-11D3-BF4B-00C04F79EFBC}") = "DatabaseConnections.Postgres.Tests", "DatabaseConnections.Postgres.Tests\DatabaseConnections.Postgres.Tests.csproj", "{A4DE461A-6C5B-4CD4-AFC6-5362EE144A1F}"
EndProject
Global
	GlobalSection(SolutionConfigurationPlatforms) = preSolution
		Debug|Any CPU = Debug|Any CPU
		Debug|x64 = Debug|x64
		Debug|x86 = Debug|x86
		Release|Any CPU = Release|Any CPU
		Release|x64 = Release|x64
		Release|x86 = Release|x86
		TeamCity|Any CPU = TeamCity|Any CPU
		TeamCity|x64 = TeamCity|x64
		TeamCity|x86 = TeamCity|x86
		Test|Any CPU = Test|Any CPU
		Test|x64 = Test|x64
		Test|x86 = Test|x86
	EndGlobalSection
	GlobalSection(ProjectConfigurationPlatforms) = postSolution
		{51ACB565-BBCF-4F72-A00D-27BD1F356274}.Debug|Any CPU.ActiveCfg = Debug|Any CPU
		{51ACB565-BBCF-4F72-A00D-27BD1F356274}.Debug|Any CPU.Build.0 = Debug|Any CPU
		{51ACB565-BBCF-4F72-A00D-27BD1F356274}.Debug|x64.ActiveCfg = Debug|x64
		{51ACB565-BBCF-4F72-A00D-27BD1F356274}.Debug|x64.Build.0 = Debug|x64
		{51ACB565-BBCF-4F72-A00D-27BD1F356274}.Debug|x86.ActiveCfg = Debug|x86
		{51ACB565-BBCF-4F72-A00D-27BD1F356274}.Debug|x86.Build.0 = Debug|x86
		{51ACB565-BBCF-4F72-A00D-27BD1F356274}.Release|Any CPU.ActiveCfg = Release|Any CPU
		{51ACB565-BBCF-4F72-A00D-27BD1F356274}.Release|Any CPU.Build.0 = Release|Any CPU
		{51ACB565-BBCF-4F72-A00D-27BD1F356274}.Release|x64.ActiveCfg = Release|x64
		{51ACB565-BBCF-4F72-A00D-27BD1F356274}.Release|x64.Build.0 = Release|x64
		{51ACB565-BBCF-4F72-A00D-27BD1F356274}.Release|x86.ActiveCfg = Release|x86
		{51ACB565-BBCF-4F72-A00D-27BD1F356274}.Release|x86.Build.0 = Release|x86
		{51ACB565-BBCF-4F72-A00D-27BD1F356274}.TeamCity|Any CPU.ActiveCfg = TeamCity|Any CPU
		{51ACB565-BBCF-4F72-A00D-27BD1F356274}.TeamCity|Any CPU.Build.0 = TeamCity|Any CPU
		{51ACB565-BBCF-4F72-A00D-27BD1F356274}.TeamCity|x64.ActiveCfg = TeamCity|x64
		{51ACB565-BBCF-4F72-A00D-27BD1F356274}.TeamCity|x64.Build.0 = TeamCity|x64
		{51ACB565-BBCF-4F72-A00D-27BD1F356274}.TeamCity|x86.ActiveCfg = TeamCity|x86
		{51ACB565-BBCF-4F72-A00D-27BD1F356274}.TeamCity|x86.Build.0 = TeamCity|x86
		{51ACB565-BBCF-4F72-A00D-27BD1F356274}.Test|Any CPU.ActiveCfg = Test|Any CPU
		{51ACB565-BBCF-4F72-A00D-27BD1F356274}.Test|Any CPU.Build.0 = Test|Any CPU
		{51ACB565-BBCF-4F72-A00D-27BD1F356274}.Test|x64.ActiveCfg = Test|x64
		{51ACB565-BBCF-4F72-A00D-27BD1F356274}.Test|x64.Build.0 = Test|x64
		{51ACB565-BBCF-4F72-A00D-27BD1F356274}.Test|x86.ActiveCfg = Test|x86
		{51ACB565-BBCF-4F72-A00D-27BD1F356274}.Test|x86.Build.0 = Test|x86
		{9B0ECD25-AB98-424B-AB8B-A96E5DF612A5}.Debug|Any CPU.ActiveCfg = Debug|Any CPU
		{9B0ECD25-AB98-424B-AB8B-A96E5DF612A5}.Debug|Any CPU.Build.0 = Debug|Any CPU
		{9B0ECD25-AB98-424B-AB8B-A96E5DF612A5}.Debug|x64.ActiveCfg = Debug|x64
		{9B0ECD25-AB98-424B-AB8B-A96E5DF612A5}.Debug|x64.Build.0 = Debug|x64
		{9B0ECD25-AB98-424B-AB8B-A96E5DF612A5}.Debug|x86.ActiveCfg = Debug|x86
		{9B0ECD25-AB98-424B-AB8B-A96E5DF612A5}.Debug|x86.Build.0 = Debug|x86
		{9B0ECD25-AB98-424B-AB8B-A96E5DF612A5}.Release|Any CPU.ActiveCfg = Release|Any CPU
		{9B0ECD25-AB98-424B-AB8B-A96E5DF612A5}.Release|Any CPU.Build.0 = Release|Any CPU
		{9B0ECD25-AB98-424B-AB8B-A96E5DF612A5}.Release|x64.ActiveCfg = Release|x64
		{9B0ECD25-AB98-424B-AB8B-A96E5DF612A5}.Release|x64.Build.0 = Release|x64
		{9B0ECD25-AB98-424B-AB8B-A96E5DF612A5}.Release|x86.ActiveCfg = Release|x86
		{9B0ECD25-AB98-424B-AB8B-A96E5DF612A5}.Release|x86.Build.0 = Release|x86
		{9B0ECD25-AB98-424B-AB8B-A96E5DF612A5}.TeamCity|Any CPU.ActiveCfg = TeamCity|Any CPU
		{9B0ECD25-AB98-424B-AB8B-A96E5DF612A5}.TeamCity|Any CPU.Build.0 = TeamCity|Any CPU
		{9B0ECD25-AB98-424B-AB8B-A96E5DF612A5}.TeamCity|x64.ActiveCfg = TeamCity|x64
		{9B0ECD25-AB98-424B-AB8B-A96E5DF612A5}.TeamCity|x64.Build.0 = TeamCity|x64
		{9B0ECD25-AB98-424B-AB8B-A96E5DF612A5}.TeamCity|x86.ActiveCfg = TeamCity|x86
		{9B0ECD25-AB98-424B-AB8B-A96E5DF612A5}.TeamCity|x86.Build.0 = TeamCity|x86
		{9B0ECD25-AB98-424B-AB8B-A96E5DF612A5}.Test|Any CPU.ActiveCfg = Test|Any CPU
		{9B0ECD25-AB98-424B-AB8B-A96E5DF612A5}.Test|Any CPU.Build.0 = Test|Any CPU
		{9B0ECD25-AB98-424B-AB8B-A96E5DF612A5}.Test|x64.ActiveCfg = Test|x64
		{9B0ECD25-AB98-424B-AB8B-A96E5DF612A5}.Test|x64.Build.0 = Test|x64
		{9B0ECD25-AB98-424B-AB8B-A96E5DF612A5}.Test|x86.ActiveCfg = Test|x86
		{9B0ECD25-AB98-424B-AB8B-A96E5DF612A5}.Test|x86.Build.0 = Test|x86
		{E30A7882-E4B2-4DB7-B638-F46F95AC809B}.Debug|Any CPU.ActiveCfg = Debug|Any CPU
		{E30A7882-E4B2-4DB7-B638-F46F95AC809B}.Debug|Any CPU.Build.0 = Debug|Any CPU
		{E30A7882-E4B2-4DB7-B638-F46F95AC809B}.Debug|x64.ActiveCfg = Debug|Any CPU
		{E30A7882-E4B2-4DB7-B638-F46F95AC809B}.Debug|x64.Build.0 = Debug|Any CPU
		{E30A7882-E4B2-4DB7-B638-F46F95AC809B}.Debug|x86.ActiveCfg = Debug|Any CPU
		{E30A7882-E4B2-4DB7-B638-F46F95AC809B}.Debug|x86.Build.0 = Debug|Any CPU
		{E30A7882-E4B2-4DB7-B638-F46F95AC809B}.Release|Any CPU.ActiveCfg = Release|Any CPU
		{E30A7882-E4B2-4DB7-B638-F46F95AC809B}.Release|Any CPU.Build.0 = Release|Any CPU
		{E30A7882-E4B2-4DB7-B638-F46F95AC809B}.Release|x64.ActiveCfg = Release|Any CPU
		{E30A7882-E4B2-4DB7-B638-F46F95AC809B}.Release|x64.Build.0 = Release|Any CPU
		{E30A7882-E4B2-4DB7-B638-F46F95AC809B}.Release|x86.ActiveCfg = Release|Any CPU
		{E30A7882-E4B2-4DB7-B638-F46F95AC809B}.Release|x86.Build.0 = Release|Any CPU
		{E30A7882-E4B2-4DB7-B638-F46F95AC809B}.TeamCity|Any CPU.ActiveCfg = Release|Any CPU
		{E30A7882-E4B2-4DB7-B638-F46F95AC809B}.TeamCity|Any CPU.Build.0 = Release|Any CPU
		{E30A7882-E4B2-4DB7-B638-F46F95AC809B}.TeamCity|x64.ActiveCfg = Release|Any CPU
		{E30A7882-E4B2-4DB7-B638-F46F95AC809B}.TeamCity|x64.Build.0 = Release|Any CPU
		{E30A7882-E4B2-4DB7-B638-F46F95AC809B}.TeamCity|x86.ActiveCfg = Release|Any CPU
		{E30A7882-E4B2-4DB7-B638-F46F95AC809B}.TeamCity|x86.Build.0 = Release|Any CPU
		{E30A7882-E4B2-4DB7-B638-F46F95AC809B}.Test|Any CPU.ActiveCfg = Release|Any CPU
		{E30A7882-E4B2-4DB7-B638-F46F95AC809B}.Test|Any CPU.Build.0 = Release|Any CPU
		{E30A7882-E4B2-4DB7-B638-F46F95AC809B}.Test|x64.ActiveCfg = Release|Any CPU
		{E30A7882-E4B2-4DB7-B638-F46F95AC809B}.Test|x64.Build.0 = Release|Any CPU
		{E30A7882-E4B2-4DB7-B638-F46F95AC809B}.Test|x86.ActiveCfg = Release|Any CPU
		{E30A7882-E4B2-4DB7-B638-F46F95AC809B}.Test|x86.Build.0 = Release|Any CPU
		{FCB180D8-A240-41E8-9BF5-9D1E7537CF21}.Debug|Any CPU.ActiveCfg = Debug|Any CPU
		{FCB180D8-A240-41E8-9BF5-9D1E7537CF21}.Debug|Any CPU.Build.0 = Debug|Any CPU
		{FCB180D8-A240-41E8-9BF5-9D1E7537CF21}.Debug|x64.ActiveCfg = Debug|Any CPU
		{FCB180D8-A240-41E8-9BF5-9D1E7537CF21}.Debug|x64.Build.0 = Debug|Any CPU
		{FCB180D8-A240-41E8-9BF5-9D1E7537CF21}.Debug|x86.ActiveCfg = Debug|Any CPU
		{FCB180D8-A240-41E8-9BF5-9D1E7537CF21}.Debug|x86.Build.0 = Debug|Any CPU
		{FCB180D8-A240-41E8-9BF5-9D1E7537CF21}.Release|Any CPU.ActiveCfg = Release|Any CPU
		{FCB180D8-A240-41E8-9BF5-9D1E7537CF21}.Release|Any CPU.Build.0 = Release|Any CPU
		{FCB180D8-A240-41E8-9BF5-9D1E7537CF21}.Release|x64.ActiveCfg = Release|Any CPU
		{FCB180D8-A240-41E8-9BF5-9D1E7537CF21}.Release|x64.Build.0 = Release|Any CPU
		{FCB180D8-A240-41E8-9BF5-9D1E7537CF21}.Release|x86.ActiveCfg = Release|Any CPU
		{FCB180D8-A240-41E8-9BF5-9D1E7537CF21}.Release|x86.Build.0 = Release|Any CPU
		{FCB180D8-A240-41E8-9BF5-9D1E7537CF21}.TeamCity|Any CPU.ActiveCfg = Release|Any CPU
		{FCB180D8-A240-41E8-9BF5-9D1E7537CF21}.TeamCity|Any CPU.Build.0 = Release|Any CPU
		{FCB180D8-A240-41E8-9BF5-9D1E7537CF21}.TeamCity|x64.ActiveCfg = Release|Any CPU
		{FCB180D8-A240-41E8-9BF5-9D1E7537CF21}.TeamCity|x64.Build.0 = Release|Any CPU
		{FCB180D8-A240-41E8-9BF5-9D1E7537CF21}.TeamCity|x86.ActiveCfg = Release|Any CPU
		{FCB180D8-A240-41E8-9BF5-9D1E7537CF21}.TeamCity|x86.Build.0 = Release|Any CPU
		{FCB180D8-A240-41E8-9BF5-9D1E7537CF21}.Test|Any CPU.ActiveCfg = Release|Any CPU
		{FCB180D8-A240-41E8-9BF5-9D1E7537CF21}.Test|Any CPU.Build.0 = Release|Any CPU
		{FCB180D8-A240-41E8-9BF5-9D1E7537CF21}.Test|x64.ActiveCfg = Release|Any CPU
		{FCB180D8-A240-41E8-9BF5-9D1E7537CF21}.Test|x64.Build.0 = Release|Any CPU
		{FCB180D8-A240-41E8-9BF5-9D1E7537CF21}.Test|x86.ActiveCfg = Release|Any CPU
		{FCB180D8-A240-41E8-9BF5-9D1E7537CF21}.Test|x86.Build.0 = Release|Any CPU
		{BC81CA50-1B5A-4AE1-A721-AE8AD69D0148}.Debug|Any CPU.ActiveCfg = Debug|Any CPU
		{BC81CA50-1B5A-4AE1-A721-AE8AD69D0148}.Debug|Any CPU.Build.0 = Debug|Any CPU
		{BC81CA50-1B5A-4AE1-A721-AE8AD69D0148}.Debug|x64.ActiveCfg = Debug|Any CPU
		{BC81CA50-1B5A-4AE1-A721-AE8AD69D0148}.Debug|x64.Build.0 = Debug|Any CPU
		{BC81CA50-1B5A-4AE1-A721-AE8AD69D0148}.Debug|x86.ActiveCfg = Debug|Any CPU
		{BC81CA50-1B5A-4AE1-A721-AE8AD69D0148}.Debug|x86.Build.0 = Debug|Any CPU
		{BC81CA50-1B5A-4AE1-A721-AE8AD69D0148}.Release|Any CPU.ActiveCfg = Release|Any CPU
		{BC81CA50-1B5A-4AE1-A721-AE8AD69D0148}.Release|Any CPU.Build.0 = Release|Any CPU
		{BC81CA50-1B5A-4AE1-A721-AE8AD69D0148}.Release|x64.ActiveCfg = Release|Any CPU
		{BC81CA50-1B5A-4AE1-A721-AE8AD69D0148}.Release|x64.Build.0 = Release|Any CPU
		{BC81CA50-1B5A-4AE1-A721-AE8AD69D0148}.Release|x86.ActiveCfg = Release|Any CPU
		{BC81CA50-1B5A-4AE1-A721-AE8AD69D0148}.Release|x86.Build.0 = Release|Any CPU
		{BC81CA50-1B5A-4AE1-A721-AE8AD69D0148}.TeamCity|Any CPU.ActiveCfg = Release|Any CPU
		{BC81CA50-1B5A-4AE1-A721-AE8AD69D0148}.TeamCity|Any CPU.Build.0 = Release|Any CPU
		{BC81CA50-1B5A-4AE1-A721-AE8AD69D0148}.TeamCity|x64.ActiveCfg = Release|Any CPU
		{BC81CA50-1B5A-4AE1-A721-AE8AD69D0148}.TeamCity|x64.Build.0 = Release|Any CPU
		{BC81CA50-1B5A-4AE1-A721-AE8AD69D0148}.TeamCity|x86.ActiveCfg = Release|Any CPU
		{BC81CA50-1B5A-4AE1-A721-AE8AD69D0148}.TeamCity|x86.Build.0 = Release|Any CPU
		{BC81CA50-1B5A-4AE1-A721-AE8AD69D0148}.Test|Any CPU.ActiveCfg = Release|Any CPU
		{BC81CA50-1B5A-4AE1-A721-AE8AD69D0148}.Test|Any CPU.Build.0 = Release|Any CPU
		{BC81CA50-1B5A-4AE1-A721-AE8AD69D0148}.Test|x64.ActiveCfg = Release|Any CPU
		{BC81CA50-1B5A-4AE1-A721-AE8AD69D0148}.Test|x64.Build.0 = Release|Any CPU
		{BC81CA50-1B5A-4AE1-A721-AE8AD69D0148}.Test|x86.ActiveCfg = Release|Any CPU
		{BC81CA50-1B5A-4AE1-A721-AE8AD69D0148}.Test|x86.Build.0 = Release|Any CPU
		{A4DE461A-6C5B-4CD4-AFC6-5362EE144A1F}.Debug|Any CPU.ActiveCfg = Debug|Any CPU
		{A4DE461A-6C5B-4CD4-AFC6-5362EE144A1F}.Debug|Any CPU.Build.0 = Debug|Any CPU
		{A4DE461A-6C5B-4CD4-AFC6-5362EE144A1F}.Debug|x64.ActiveCfg = Debug|Any CPU
		{A4DE461A-6C5B-4CD4-AFC6-5362EE144A1F}.Debug|x64.Build.0 = Debug|Any CPU
		{A4DE461A-6C5B-4CD4-AFC6-5362EE144A1F}.Debug|x86.ActiveCfg = Debug|Any CPU
		{A4DE461A-6C5B-4CD4-AFC6-5362EE144A1F}.Debug|x86.Build.0 = Debug|Any CPU
		{A4DE461A-6C5B-4CD4-AFC6-5362EE144A1F}.Release|Any CPU.ActiveCfg = Release|Any CPU
		{A4DE461A-6C5B-4CD4-AFC6-5362EE144A1F}.Release|Any CPU.Build.0 = Release|Any CPU
		{A4DE461A-6C5B-4CD4-AFC6-5362EE144A1F}.Release|x64.ActiveCfg = Release|Any CPU
		{A4DE461A-6C5B-4CD4-AFC6-5362EE144A1F}.Release|x64.Build.0 = Release|Any CPU
		{A4DE461A-6C5B-4CD4-AFC6-5362EE144A1F}.Release|x86.ActiveCfg = Release|Any CPU
		{A4DE461A-6C5B-4CD4-AFC6-5362EE144A1F}.Release|x86.Build.0 = Release|Any CPU
		{A4DE461A-6C5B-4CD4-AFC6-5362EE144A1F}.TeamCity|Any CPU.ActiveCfg = Release|Any CPU
		{A4DE461A-6C5B-4CD4-AFC6-5362EE144A1F}.TeamCity|Any CPU.Build.0 = Release|Any CPU
		{A4DE461A-6C5B-4CD4-AFC6-5362EE144A1F}.TeamCity|x64.ActiveCfg = Release|Any CPU
		{A4DE461A-6C5B-4CD4-AFC6-5362EE144A1F}.TeamCity|x64.Build.0 = Release|Any CPU
		{A4DE461A-6C5B-4CD4-AFC6-5362EE144A1F}.TeamCity|x86.ActiveCfg = Release|Any CPU
		{A4DE461A-6C5B-4CD4-AFC6-5362EE144A1F}.TeamCity|x86.Build.0 = Release|Any CPU
		{A4DE461A-6C5B-4CD4-AFC6-5362EE144A1F}.Test|Any CPU.ActiveCfg = Release|Any CPU
		{A4DE461A-6C5B-4CD4-AFC6-5362EE144A1F}.Test|Any CPU.Build.0 = Release|Any CPU
		{A4DE461A-6C5B-4CD4-AFC6-5362EE144A1F}.Test|x64.ActiveCfg = Release|Any CPU
		{A4DE461A-6C5B-4CD4-AFC6-5362EE144A1F}.Test|x64.Build.0 = Release|Any CPU
		{A4DE461A-6C5B-4CD4-AFC6-5362EE144A1F}.Test|x86.ActiveCfg = Release|Any CPU
		{A4DE461A-6C5B-4CD4-AFC6-5362EE144A1F}.Test|x86.Build.0 = Release|Any CPU
	EndGlobalSection
	GlobalSection(SolutionProperties) = preSolution
		HideSolutionNode = FALSE
	EndGlobalSection
	GlobalSection(NestedProjects) = preSolution
		{9B0ECD25-AB98-424B-AB8B-A96E5DF612A5} = {4D6C70C5-E64F-40FB-B317-A06B063F4B46}
		{FCB180D8-A240-41E8-9BF5-9D1E7537CF21} = {4D6C70C5-E64F-40FB-B317-A06B063F4B46}
		{A4DE461A-6C5B-4CD4-AFC6-5362EE144A1F} = {4D6C70C5-E64F-40FB-B317-A06B063F4B46}
	EndGlobalSection
EndGlobal
